
Microsoft Visual Studio Solution File, Format Version 12.00
# Visual Studio Version 17
VisualStudioVersion = 17.3.32929.385
MinimumVisualStudioVersion = 10.0.40219.1
Project("{9A19103F-16F7-4668-BE54-9A1E7A4F7556}") = "Computer Store", "Computer Store\Computer Store.csproj", "{C8017937-A179-4FEF-8214-9F2866BA2EE7}"
EndProject
Project("{9A19103F-16F7-4668-BE54-9A1E7A4F7556}") = "The Lift", "The Lift\The Lift.csproj", "{2CDB6C08-99DE-4580-85AB-175095CD06F2}"
EndProject
Project("{FAE04EC0-301F-11D3-BF4B-00C04F79EFBC}") = "Memory game", "Memory game\Memory game.csproj", "{87BCB8BE-A9DD-4F71-8572-2FF36E215E3D}"
EndProject
Project("{FAE04EC0-301F-11D3-BF4B-00C04F79EFBC}") = "SoftUni Reception", "SoftUni Reception\SoftUni Reception.csproj", "{568D2F47-933C-4B7E-B261-2D52B6BE9A57}"
EndProject
Project("{FAE04EC0-301F-11D3-BF4B-00C04F79EFBC}") = "Array Modifier", "Array Modifier\Array Modifier.csproj", "{A0B6537E-B725-4CA5-8BF9-473590188819}"
EndProject
Global
	GlobalSection(SolutionConfigurationPlatforms) = preSolution
		Debug|Any CPU = Debug|Any CPU
		Release|Any CPU = Release|Any CPU
	EndGlobalSection
	GlobalSection(ProjectConfigurationPlatforms) = postSolution
		{C8017937-A179-4FEF-8214-9F2866BA2EE7}.Debug|Any CPU.ActiveCfg = Debug|Any CPU
		{C8017937-A179-4FEF-8214-9F2866BA2EE7}.Debug|Any CPU.Build.0 = Debug|Any CPU
		{C8017937-A179-4FEF-8214-9F2866BA2EE7}.Release|Any CPU.ActiveCfg = Release|Any CPU
		{C8017937-A179-4FEF-8214-9F2866BA2EE7}.Release|Any CPU.Build.0 = Release|Any CPU
		{2CDB6C08-99DE-4580-85AB-175095CD06F2}.Debug|Any CPU.ActiveCfg = Debug|Any CPU
		{2CDB6C08-99DE-4580-85AB-175095CD06F2}.Debug|Any CPU.Build.0 = Debug|Any CPU
		{2CDB6C08-99DE-4580-85AB-175095CD06F2}.Release|Any CPU.ActiveCfg = Release|Any CPU
		{2CDB6C08-99DE-4580-85AB-175095CD06F2}.Release|Any CPU.Build.0 = Release|Any CPU
		{87BCB8BE-A9DD-4F71-8572-2FF36E215E3D}.Debug|Any CPU.ActiveCfg = Debug|Any CPU
		{87BCB8BE-A9DD-4F71-8572-2FF36E215E3D}.Debug|Any CPU.Build.0 = Debug|Any CPU
		{87BCB8BE-A9DD-4F71-8572-2FF36E215E3D}.Release|Any CPU.ActiveCfg = Release|Any CPU
		{87BCB8BE-A9DD-4F71-8572-2FF36E215E3D}.Release|Any CPU.Build.0 = Release|Any CPU
		{568D2F47-933C-4B7E-B261-2D52B6BE9A57}.Debug|Any CPU.ActiveCfg = Debug|Any CPU
		{568D2F47-933C-4B7E-B261-2D52B6BE9A57}.Debug|Any CPU.Build.0 = Debug|Any CPU
		{568D2F47-933C-4B7E-B261-2D52B6BE9A57}.Release|Any CPU.ActiveCfg = Release|Any CPU
		{568D2F47-933C-4B7E-B261-2D52B6BE9A57}.Release|Any CPU.Build.0 = Release|Any CPU
		{A0B6537E-B725-4CA5-8BF9-473590188819}.Debug|Any CPU.ActiveCfg = Debug|Any CPU
		{A0B6537E-B725-4CA5-8BF9-473590188819}.Debug|Any CPU.Build.0 = Debug|Any CPU
		{A0B6537E-B725-4CA5-8BF9-473590188819}.Release|Any CPU.ActiveCfg = Release|Any CPU
		{A0B6537E-B725-4CA5-8BF9-473590188819}.Release|Any CPU.Build.0 = Release|Any CPU
	EndGlobalSection
	GlobalSection(SolutionProperties) = preSolution
		HideSolutionNode = FALSE
	EndGlobalSection
	GlobalSection(ExtensibilityGlobals) = postSolution
		SolutionGuid = {6C48FBD6-2C92-4FA8-95FF-E140F6A9767A}
	EndGlobalSection
EndGlobal
