
Microsoft Visual Studio Solution File, Format Version 12.00
# Visual Studio Version 17
VisualStudioVersion = 17.3.32929.385
MinimumVisualStudioVersion = 10.0.40219.1
Project("{FAE04EC0-301F-11D3-BF4B-00C04F79EFBC}") = "1. Furniture", "1. Furniture\1. Furniture.csproj", "{1EAA5D7C-3C42-4C93-8582-0BAACB6128F9}"
EndProject
Global
	GlobalSection(SolutionConfigurationPlatforms) = preSolution
		Debug|Any CPU = Debug|Any CPU
		Release|Any CPU = Release|Any CPU
	EndGlobalSection
	GlobalSection(ProjectConfigurationPlatforms) = postSolution
		{1EAA5D7C-3C42-4C93-8582-0BAACB6128F9}.Debug|Any CPU.ActiveCfg = Debug|Any CPU
		{1EAA5D7C-3C42-4C93-8582-0BAACB6128F9}.Debug|Any CPU.Build.0 = Debug|Any CPU
		{1EAA5D7C-3C42-4C93-8582-0BAACB6128F9}.Release|Any CPU.ActiveCfg = Release|Any CPU
		{1EAA5D7C-3C42-4C93-8582-0BAACB6128F9}.Release|Any CPU.Build.0 = Release|Any CPU
	EndGlobalSection
	GlobalSection(SolutionProperties) = preSolution
		HideSolutionNode = FALSE
	EndGlobalSection
	GlobalSection(ExtensibilityGlobals) = postSolution
		SolutionGuid = {3907F65F-A645-4DC9-B40F-F33A9F0A0FF8}
	EndGlobalSection
EndGlobal
