
Microsoft Visual Studio Solution File, Format Version 12.00
# Visual Studio Version 17
VisualStudioVersion = 17.1.32421.90
MinimumVisualStudioVersion = 10.0.40219.1
Project("{9A19103F-16F7-4668-BE54-9A1E7A4F7556}") = "1.Integer Operations", "1.Integer Operations\1.Integer Operations.csproj", "{53AC4196-AC3F-4557-9930-E4DF3C281D57}"
EndProject
Project("{9A19103F-16F7-4668-BE54-9A1E7A4F7556}") = "2. Sum Digits", "2. Sum Digits\2. Sum Digits.csproj", "{384C03A2-D40D-4D3B-9CE9-7EEBE96F5B38}"
EndProject
Project("{FAE04EC0-301F-11D3-BF4B-00C04F79EFBC}") = "3. Elevator", "3. Elevator\3. Elevator.csproj", "{BBCA8A39-1EE9-4DE8-8B93-779D631CEE6C}"
EndProject
Project("{FAE04EC0-301F-11D3-BF4B-00C04F79EFBC}") = "4. Sum of Chars", "4. Sum of Chars\4. Sum of Chars.csproj", "{EABC0B2B-4DCB-4971-BC8D-3E36D3C18D08}"
EndProject
Global
	GlobalSection(SolutionConfigurationPlatforms) = preSolution
		Debug|Any CPU = Debug|Any CPU
		Release|Any CPU = Release|Any CPU
	EndGlobalSection
	GlobalSection(ProjectConfigurationPlatforms) = postSolution
		{53AC4196-AC3F-4557-9930-E4DF3C281D57}.Debug|Any CPU.ActiveCfg = Debug|Any CPU
		{53AC4196-AC3F-4557-9930-E4DF3C281D57}.Debug|Any CPU.Build.0 = Debug|Any CPU
		{53AC4196-AC3F-4557-9930-E4DF3C281D57}.Release|Any CPU.ActiveCfg = Release|Any CPU
		{53AC4196-AC3F-4557-9930-E4DF3C281D57}.Release|Any CPU.Build.0 = Release|Any CPU
		{384C03A2-D40D-4D3B-9CE9-7EEBE96F5B38}.Debug|Any CPU.ActiveCfg = Debug|Any CPU
		{384C03A2-D40D-4D3B-9CE9-7EEBE96F5B38}.Debug|Any CPU.Build.0 = Debug|Any CPU
		{384C03A2-D40D-4D3B-9CE9-7EEBE96F5B38}.Release|Any CPU.ActiveCfg = Release|Any CPU
		{384C03A2-D40D-4D3B-9CE9-7EEBE96F5B38}.Release|Any CPU.Build.0 = Release|Any CPU
		{BBCA8A39-1EE9-4DE8-8B93-779D631CEE6C}.Debug|Any CPU.ActiveCfg = Debug|Any CPU
		{BBCA8A39-1EE9-4DE8-8B93-779D631CEE6C}.Debug|Any CPU.Build.0 = Debug|Any CPU
		{BBCA8A39-1EE9-4DE8-8B93-779D631CEE6C}.Release|Any CPU.ActiveCfg = Release|Any CPU
		{BBCA8A39-1EE9-4DE8-8B93-779D631CEE6C}.Release|Any CPU.Build.0 = Release|Any CPU
		{EABC0B2B-4DCB-4971-BC8D-3E36D3C18D08}.Debug|Any CPU.ActiveCfg = Debug|Any CPU
		{EABC0B2B-4DCB-4971-BC8D-3E36D3C18D08}.Debug|Any CPU.Build.0 = Debug|Any CPU
		{EABC0B2B-4DCB-4971-BC8D-3E36D3C18D08}.Release|Any CPU.ActiveCfg = Release|Any CPU
		{EABC0B2B-4DCB-4971-BC8D-3E36D3C18D08}.Release|Any CPU.Build.0 = Release|Any CPU
	EndGlobalSection
	GlobalSection(SolutionProperties) = preSolution
		HideSolutionNode = FALSE
	EndGlobalSection
	GlobalSection(ExtensibilityGlobals) = postSolution
		SolutionGuid = {FFB52FC4-8219-4E92-9074-795E8F81A277}
	EndGlobalSection
EndGlobal
