
Microsoft Visual Studio Solution File, Format Version 12.00
# Visual Studio Version 17
VisualStudioVersion = 17.3.32929.385
MinimumVisualStudioVersion = 10.0.40219.1
Project("{FAE04EC0-301F-11D3-BF4B-00C04F79EFBC}") = "1.  Valid Usernames", "1.  Valid Usernames\1.  Valid Usernames.csproj", "{446A2E71-DEA3-4FA5-82B8-98DC7B9839C0}"
EndProject
Project("{FAE04EC0-301F-11D3-BF4B-00C04F79EFBC}") = "2.Character Multiplier", "2.Character Multiplier\2.Character Multiplier.csproj", "{1DEB55FD-B9A4-4FA9-B13D-D3701C7B5040}"
EndProject
Project("{FAE04EC0-301F-11D3-BF4B-00C04F79EFBC}") = "3.  Extract File", "3.  Extract File\3.  Extract File.csproj", "{F8A3F568-E280-4673-9B0E-EC11691DF785}"
EndProject
Project("{FAE04EC0-301F-11D3-BF4B-00C04F79EFBC}") = "4.  Caesar Cipher", "4.  Caesar Cipher\4.  Caesar Cipher.csproj", "{B786B6CE-8903-402C-A823-F73C1888CECB}"
EndProject
Global
	GlobalSection(SolutionConfigurationPlatforms) = preSolution
		Debug|Any CPU = Debug|Any CPU
		Release|Any CPU = Release|Any CPU
	EndGlobalSection
	GlobalSection(ProjectConfigurationPlatforms) = postSolution
		{446A2E71-DEA3-4FA5-82B8-98DC7B9839C0}.Debug|Any CPU.ActiveCfg = Debug|Any CPU
		{446A2E71-DEA3-4FA5-82B8-98DC7B9839C0}.Debug|Any CPU.Build.0 = Debug|Any CPU
		{446A2E71-DEA3-4FA5-82B8-98DC7B9839C0}.Release|Any CPU.ActiveCfg = Release|Any CPU
		{446A2E71-DEA3-4FA5-82B8-98DC7B9839C0}.Release|Any CPU.Build.0 = Release|Any CPU
		{1DEB55FD-B9A4-4FA9-B13D-D3701C7B5040}.Debug|Any CPU.ActiveCfg = Debug|Any CPU
		{1DEB55FD-B9A4-4FA9-B13D-D3701C7B5040}.Debug|Any CPU.Build.0 = Debug|Any CPU
		{1DEB55FD-B9A4-4FA9-B13D-D3701C7B5040}.Release|Any CPU.ActiveCfg = Release|Any CPU
		{1DEB55FD-B9A4-4FA9-B13D-D3701C7B5040}.Release|Any CPU.Build.0 = Release|Any CPU
		{F8A3F568-E280-4673-9B0E-EC11691DF785}.Debug|Any CPU.ActiveCfg = Debug|Any CPU
		{F8A3F568-E280-4673-9B0E-EC11691DF785}.Debug|Any CPU.Build.0 = Debug|Any CPU
		{F8A3F568-E280-4673-9B0E-EC11691DF785}.Release|Any CPU.ActiveCfg = Release|Any CPU
		{F8A3F568-E280-4673-9B0E-EC11691DF785}.Release|Any CPU.Build.0 = Release|Any CPU
		{B786B6CE-8903-402C-A823-F73C1888CECB}.Debug|Any CPU.ActiveCfg = Debug|Any CPU
		{B786B6CE-8903-402C-A823-F73C1888CECB}.Debug|Any CPU.Build.0 = Debug|Any CPU
		{B786B6CE-8903-402C-A823-F73C1888CECB}.Release|Any CPU.ActiveCfg = Release|Any CPU
		{B786B6CE-8903-402C-A823-F73C1888CECB}.Release|Any CPU.Build.0 = Release|Any CPU
	EndGlobalSection
	GlobalSection(SolutionProperties) = preSolution
		HideSolutionNode = FALSE
	EndGlobalSection
	GlobalSection(ExtensibilityGlobals) = postSolution
		SolutionGuid = {F6B0B46C-C9AD-42E8-AD7C-F91F4E0E8C2B}
	EndGlobalSection
EndGlobal
